<?xml version="1.0" encoding="utf-8"?>
<Project ToolsVersion="4.0" xmlns="http://schemas.microsoft.com/developer/msbuild/2003">
  <ItemGroup>
    <Filter Include="Source">
      <UniqueIdentifier>{b908df3d-d4e3-4477-8117-c48b757fd999}</UniqueIdentifier>
    </Filter>
    <Filter Include="Interfaces">
      <UniqueIdentifier>{bc2b4fd4-be67-4728-a866-cf3832ac1d69}</UniqueIdentifier>
    </Filter>
    <Filter Include="Headers">
      <UniqueIdentifier>{80b189c7-b1cb-4b54-93e3-5915e8362fce}</UniqueIdentifier>
    </Filter>
    <Filter Include="Adaptations">
      <UniqueIdentifier>{d1de2eb9-d018-45ad-9ab1-e63ad7bd1c67}</UniqueIdentifier>
    </Filter>
    <Filter Include="Adaptations\Headers">
      <UniqueIdentifier>{526edbe0-21f7-4b5a-8e23-792f7dea563c}</UniqueIdentifier>
    </Filter>
    <Filter Include="Adaptations\Source">
      <UniqueIdentifier>{761c40ba-67bf-4261-8f85-51b5b95890d6}</UniqueIdentifier>
    </Filter>
  </ItemGroup>
  <ItemGroup>
    <ClCompile Include="ClientDASH.cpp">
      <Filter>Source</Filter>
    </ClCompile>
    <ClCompile Include="BufferItem.cpp">
      <Filter>Source</Filter>
    </ClCompile>
    <ClCompile Include="Buffer.cpp">
      <Filter>Source</Filter>
    </ClCompile>
    <ClCompile Include="Downloader.cpp">
      <Filter>Source</Filter>
    </ClCompile>
    <ClCompile Include="SDLRenderer.cpp">
      <Filter>Source</Filter>
    </ClCompile>
    <ClCompile Include="LibavDecoder.cpp">
      <Filter>Source</Filter>
    </ClCompile>
    <ClCompile Include="Multithreading.cpp">
      <Filter>Source</Filter>
    </ClCompile>
    <ClCompile Include="ConstantAdaptation.cpp">
      <Filter>Adaptations\Source</Filter>
    </ClCompile>
    <ClCompile Include="PIDAdaptation.cpp">
      <Filter>Adaptations\Source</Filter>
    </ClCompile>
    <ClCompile Include="RandomAdaptation.cpp">
      <Filter>Adaptations\Source</Filter>
    </ClCompile>
    <ClCompile Include="SmoothAdaptation.cpp">
      <Filter>Adaptations\Source</Filter>
    </ClCompile>
  </ItemGroup>
  <ItemGroup>
    <ClInclude Include="IAdaptation.h">
      <Filter>Interfaces</Filter>
    </ClInclude>
    <ClInclude Include="IBufferItem.h">
      <Filter>Interfaces</Filter>
    </ClInclude>
    <ClInclude Include="BufferItem.h">
      <Filter>Headers</Filter>
    </ClInclude>
    <ClInclude Include="IBuffer.h">
      <Filter>Interfaces</Filter>
    </ClInclude>
    <ClInclude Include="Buffer.h">
      <Filter>Headers</Filter>
    </ClInclude>
    <ClInclude Include="IDownloader.h">
      <Filter>Interfaces</Filter>
    </ClInclude>
    <ClInclude Include="Downloader.h">
      <Filter>Headers</Filter>
    </ClInclude>
    <ClInclude Include="IAudioObserver.h">
      <Filter>Interfaces</Filter>
    </ClInclude>
    <ClInclude Include="IVideoObserver.h">
      <Filter>Interfaces</Filter>
    </ClInclude>
    <ClInclude Include="LibavDecoder.h">
      <Filter>Headers</Filter>
    </ClInclude>
    <ClInclude Include="SDLRenderer.h">
      <Filter>Headers</Filter>
    </ClInclude>
    <ClInclude Include="Multithreading.h">
      <Filter>Interfaces</Filter>
    </ClInclude>
    <ClInclude Include="ConstantAdaptation.h">
      <Filter>Adaptations\Headers</Filter>
    </ClInclude>
    <ClInclude Include="PIDAdaptation.h">
      <Filter>Adaptations\Headers</Filter>
    </ClInclude>
    <ClInclude Include="RandomAdaptation.h">
      <Filter>Adaptations\Headers</Filter>
    </ClInclude>
    <ClInclude Include="SmoothAdaptation.h">
      <Filter>Adaptations\Headers</Filter>
    </ClInclude>
  </ItemGroup>
</Project>